github.com/go-sql-driver/mysql v1.5.0 h1:ozyZYNQW3x3HtqT1jira07DN2PArx2v7/mN66gGcHOs=
github.com/go-sql-driver/mysql v1.5.0/go.mod h1:DCzpHaOWr8IXmIStZouvnhqoel9Qv2LBy8hT2VhHyBg=
github.com/lib/pq v1.3.0 h1:/qkRGz8zljWiDcFvgpwUpwIAPu3r07TDvs3Rws+o/pU=
github.com/lib/pq v1.3.0/go.mod h1:5WUZQaWbwv1U+lTReE5YruASi9Al49XbQIvNi/34Woo=
github.com/webability-go/wajaf v0.0.10 h1:vQhEmxRy8Wph7Um3uO4/uz4ZiqYvqOMEUZz+o6GaeSo=
github.com/webability-go/wajaf v0.0.10/go.mod h1:aBwEQGUjwMbMrrQiJcSuVU76JfTDK2/hWepZym89PyY=
github.com/webability-go/wajaf v0.0.11 h1:goIFtOryGO30ARHBM+RsvRhdHWDoRFLiVJKKr+vGFec=
github.com/webability-go/wajaf v0.0.11/go.mod h1:aBwEQGUjwMbMrrQiJcSuVU76JfTDK2/hWepZym89PyY=
github.com/webability-go/xcore v1.1.0 h1:mvlNUDeleKdx+3MbbsiF6wpfQUgXOFg4YabImZBttMw=
github.com/webability-go/xcore v1.1.0/go.mod h1:Wq0uDNASOhur5bEOqGiEfBzDtq4NowjVeqgQkbftW/E=
github.com/webability-go/xdominion v0.2.1 h1:ujUzVKRiDxpkDY0DxUwjro7s7xOyijE0ftR8q4S7b+0=
github.com/webability-go/xdominion v0.2.1/go.mod h1:C1Fb6VJBgba7f6bHGVLTho3gHaxEDi4cOnXO+QFR3ms=
golang.org/x/text v0.3.2 h1:tW2bmiBqwgJj/UpqtC8EpXEZVYOwU0yG4iWbprSVAcs=
golang.org/x/text v0.3.2/go.mod h1:bEr9sfX3Q8Zfm5fL9x+3itogRgK3+ptLWKqgva+5dAk=
golang.org/x/tools v0.0.0-20180917221912-90fa682c2a6e/go.mod h1:n7NCudcB/nEzxVGmLbDWY5pfWTLqBcC2KZ6jyYvM4mQ=
